
Microsoft Visual Studio Solution File, Format Version 11.00
# Visual Studio 2010
Project("{FAE04EC0-301F-11D3-BF4B-00C04F79EFBC}") = "Assembly-CSharp", "Assembly-CSharp.csproj", "{31A490B4-C5DC-88FA-6F19-B59E2F48E2B5}"
EndProject
Project("{FAE04EC0-301F-11D3-BF4B-00C04F79EFBC}") = "Assembly-CSharp-Editor", "Assembly-CSharp-Editor.csproj", "{7B56DD8B-8F7D-6EE5-FA2B-09B6625C89D7}"
EndProject
Global
	GlobalSection(SolutionConfigurationPlatforms) = preSolution
		Debug|Any CPU = Debug|Any CPU
		Release|Any CPU = Release|Any CPU
	EndGlobalSection
	GlobalSection(ProjectConfigurationPlatforms) = postSolution
		{31A490B4-C5DC-88FA-6F19-B59E2F48E2B5}.Debug|Any CPU.ActiveCfg = Debug|Any CPU
		{31A490B4-C5DC-88FA-6F19-B59E2F48E2B5}.Debug|Any CPU.Build.0 = Debug|Any CPU
		{31A490B4-C5DC-88FA-6F19-B59E2F48E2B5}.Release|Any CPU.ActiveCfg = Release|Any CPU
		{31A490B4-C5DC-88FA-6F19-B59E2F48E2B5}.Release|Any CPU.Build.0 = Release|Any CPU
		{7B56DD8B-8F7D-6EE5-FA2B-09B6625C89D7}.Debug|Any CPU.ActiveCfg = Debug|Any CPU
		{7B56DD8B-8F7D-6EE5-FA2B-09B6625C89D7}.Debug|Any CPU.Build.0 = Debug|Any CPU
		{7B56DD8B-8F7D-6EE5-FA2B-09B6625C89D7}.Release|Any CPU.ActiveCfg = Release|Any CPU
		{7B56DD8B-8F7D-6EE5-FA2B-09B6625C89D7}.Release|Any CPU.Build.0 = Release|Any CPU
	EndGlobalSection
	GlobalSection(SolutionProperties) = preSolution
		HideSolutionNode = FALSE
	EndGlobalSection
	GlobalSection(MonoDevelopProperties) = preSolution
		Policies = $0
		$0.DotNetNamingPolicy = $1
		$1.DirectoryNamespaceAssociation = None
		$1.ResourceNamePolicy = FileFormatDefault
	EndGlobalSection
EndGlobal
